
Microsoft Visual Studio Solution File, Format Version 12.00
# Visual Studio 15
VisualStudioVersion = 15.0.28307.572
MinimumVisualStudioVersion = 10.0.40219.1
Project("{FAE04EC0-301F-11D3-BF4B-00C04F79EFBC}") = "SEDC.App", "SEDC.App\SEDC.App.csproj", "{CCC4EE93-C777-4E18-9E94-B5A95BC141B4}"
EndProject
Global
	GlobalSection(SolutionConfigurationPlatforms) = preSolution
		Debug|Any CPU = Debug|Any CPU
		Release|Any CPU = Release|Any CPU
	EndGlobalSection
	GlobalSection(ProjectConfigurationPlatforms) = postSolution
		{CCC4EE93-C777-4E18-9E94-B5A95BC141B4}.Debug|Any CPU.ActiveCfg = Debug|Any CPU
		{CCC4EE93-C777-4E18-9E94-B5A95BC141B4}.Debug|Any CPU.Build.0 = Debug|Any CPU
		{CCC4EE93-C777-4E18-9E94-B5A95BC141B4}.Release|Any CPU.ActiveCfg = Release|Any CPU
		{CCC4EE93-C777-4E18-9E94-B5A95BC141B4}.Release|Any CPU.Build.0 = Release|Any CPU
	EndGlobalSection
	GlobalSection(SolutionProperties) = preSolution
		HideSolutionNode = FALSE
	EndGlobalSection
	GlobalSection(ExtensibilityGlobals) = postSolution
		SolutionGuid = {0FFDE7A0-F775-4146-9A7B-50B3B7150503}
	EndGlobalSection
EndGlobal
